github.com/jmacnicol/dog v0.0.0-20250226211732-1067402fce61 h1:bqVGFfh0ApEXaFMXEnXpK7n/bpfF8T35eYopMMY3eaM=
github.com/jmacnicol/dog v0.0.0-20250226211732-1067402fce61/go.mod h1:DUr/Xpt/jWeYMM4oLl9LkFLdS8qENwEtT2Ut5kTT+Zk=
github.com/jmacnicol/dog v0.0.0-20250226215756-d23a02f37598 h1:S+evl3sHoy8w8NvmSBnJkW+E3P3nC7NBd8A5kwbReLs=
github.com/jmacnicol/dog v0.0.0-20250226215756-d23a02f37598/go.mod h1:DUr/Xpt/jWeYMM4oLl9LkFLdS8qENwEtT2Ut5kTT+Zk=
